// !$*UTF8*$!
{
	archiveVersion = 1;
	classes = {
	};
	objectVersion = 46;
	objects = {

/* Begin PBXBuildFile section */
		18DD85B01C7DF26800B2BA25 /* main.m in Sources */ = {isa = PBXBuildFile; fileRef = 18DD85AF1C7DF26800B2BA25 /* main.m */; };
		18DD85B31C7DF26800B2BA25 /* AppDelegate.m in Sources */ = {isa = PBXBuildFile; fileRef = 18DD85B21C7DF26800B2BA25 /* AppDelegate.m */; };
		18DD85B61C7DF26800B2BA25 /* ViewController.m in Sources */ = {isa = PBXBuildFile; fileRef = 18DD85B51C7DF26800B2BA25 /* ViewController.m */; };
		18DD85B91C7DF26800B2BA25 /* Main.storyboard in Resources */ = {isa = PBXBuildFile; fileRef = 18DD85B71C7DF26800B2BA25 /* Main.storyboard */; };
		18DD85BB1C7DF26800B2BA25 /* Assets.xcassets in Resources */ = {isa = PBXBuildFile; fileRef = 18DD85BA1C7DF26800B2BA25 /* Assets.xcassets */; };
		18DD85BE1C7DF26800B2BA25 /* LaunchScreen.storyboard in Resources */ = {isa = PBXBuildFile; fileRef = 18DD85BC1C7DF26800B2BA25 /* LaunchScreen.storyboard */; };
		18DD85C91C7DF26800B2BA25 /* coreImageTests.m in Sources */ = {isa = PBXBuildFile; fileRef = 18DD85C81C7DF26800B2BA25 /* coreImageTests.m */; };
		18DD85D41C7DF26800B2BA25 /* coreImageUITests.m in Sources */ = {isa = PBXBuildFile; fileRef = 18DD85D31C7DF26800B2BA25 /* coreImageUITests.m */; };
		18DD85E21C7DF2BC00B2BA25 /* 002.png in Resources */ = {isa = PBXBuildFile; fileRef = 18DD85E11C7DF2BC00B2BA25 /* 002.png */; };
		18DD85E61C7DFCE100B2BA25 /* UIImage+ImageEffects.m in Sources */ = {isa = PBXBuildFile; fileRef = 18DD85E51C7DFCE100B2BA25 /* UIImage+ImageEffects.m */; };
/* End PBXBuildFile section */

/* Begin PBXContainerItemProxy section */
		18DD85C51C7DF26800B2BA25 /* PBXContainerItemProxy */ = {
			isa = PBXContainerItemProxy;
			containerPortal = 18DD85A31C7DF26800B2BA25 /* Project object */;
			proxyType = 1;
			remoteGlobalIDString = 18DD85AA1C7DF26800B2BA25;
			remoteInfo = coreImage;
		};
		18DD85D01C7DF26800B2BA25 /* PBXContainerItemProxy */ = {
			isa = PBXContainerItemProxy;
			containerPortal = 18DD85A31C7DF26800B2BA25 /* Project object */;
			proxyType = 1;
			remoteGlobalIDString = 18DD85AA1C7DF26800B2BA25;
			remoteInfo = coreImage;
		};
/* End PBXContainerItemProxy section */

/* Begin PBXFileReference section */
		18DD85AB1C7DF26800B2BA25 /* coreImage.app */ = {isa = PBXFileReference; explicitFileType = wrapper.application; includeInIndex = 0; path = coreImage.app; sourceTree = BUILT_PRODUCTS_DIR; };
		18DD85AF1C7DF26800B2BA25 /* main.m */ = {isa = PBXFileReference; lastKnownFileType = sourcecode.c.objc; path = main.m; sourceTree = "<group>"; };
		18DD85B11C7DF26800B2BA25 /* AppDelegate.h */ = {isa = PBXFileReference; lastKnownFileType = sourcecode.c.h; path = AppDelegate.h; sourceTree = "<group>"; };
		18DD85B21C7DF26800B2BA25 /* AppDelegate.m */ = {isa = PBXFileReference; lastKnownFileType = sourcecode.c.objc; path = AppDelegate.m; sourceTree = "<group>"; };
		18DD85B41C7DF26800B2BA25 /* ViewController.h */ = {isa = PBXFileReference; lastKnownFileType = sourcecode.c.h; path = ViewController.h; sourceTree = "<group>"; };
		18DD85B51C7DF26800B2BA25 /* ViewController.m */ = {isa = PBXFileReference; lastKnownFileType = sourcecode.c.objc; path = ViewController.m; sourceTree = "<group>"; };
		18DD85B81C7DF26800B2BA25 /* Base */ = {isa = PBXFileReference; lastKnownFileType = file.storyboard; name = Base; path = Base.lproj/Main.storyboard; sourceTree = "<group>"; };
		18DD85BA1C7DF26800B2BA25 /* Assets.xcassets */ = {isa = PBXFileReference; lastKnownFileType = folder.assetcatalog; path = Assets.xcassets; sourceTree = "<group>"; };
		18DD85BD1C7DF26800B2BA25 /* Base */ = {isa = PBXFileReference; lastKnownFileType = file.storyboard; name = Base; path = Base.lproj/LaunchScreen.storyboard; sourceTree = "<group>"; };
		18DD85BF1C7DF26800B2BA25 /* Info.plist */ = {isa = PBXFileReference; lastKnownFileType = text.plist.xml; path = Info.plist; sourceTree = "<group>"; };
		18DD85C41C7DF26800B2BA25 /* coreImageTests.xctest */ = {isa = PBXFileReference; explicitFileType = wrapper.cfbundle; includeInIndex = 0; path = coreImageTests.xctest; sourceTree = BUILT_PRODUCTS_DIR; };
		18DD85C81C7DF26800B2BA25 /* coreImageTests.m */ = {isa = PBXFileReference; lastKnownFileType = sourcecode.c.objc; path = coreImageTests.m; sourceTree = "<group>"; };
		18DD85CA1C7DF26800B2BA25 /* Info.plist */ = {isa = PBXFileReference; lastKnownFileType = text.plist.xml; path = Info.plist; sourceTree = "<group>"; };
		18DD85CF1C7DF26800B2BA25 /* coreImageUITests.xctest */ = {isa = PBXFileReference; explicitFileType = wrapper.cfbundle; includeInIndex = 0; path = coreImageUITests.xctest; sourceTree = BUILT_PRODUCTS_DIR; };
		18DD85D31C7DF26800B2BA25 /* coreImageUITests.m */ = {isa = PBXFileReference; lastKnownFileType = sourcecode.c.objc; path = coreImageUITests.m; sourceTree = "<group>"; };
		18DD85D51C7DF26800B2BA25 /* Info.plist */ = {isa = PBXFileReference; lastKnownFileType = text.plist.xml; path = Info.plist; sourceTree = "<group>"; };
		18DD85E11C7DF2BC00B2BA25 /* 002.png */ = {isa = PBXFileReference; lastKnownFileType = image.png; path = 002.png; sourceTree = "<group>"; };
		18DD85E41C7DFCE100B2BA25 /* UIImage+ImageEffects.h */ = {isa = PBXFileReference; fileEncoding = 4; lastKnownFileType = sourcecode.c.h; path = "UIImage+ImageEffects.h"; sourceTree = "<group>"; };
		18DD85E51C7DFCE100B2BA25 /* UIImage+ImageEffects.m */ = {isa = PBXFileReference; fileEncoding = 4; lastKnownFileType = sourcecode.c.objc; path = "UIImage+ImageEffects.m"; sourceTree = "<group>"; };
/* End PBXFileReference section */

/* Begin PBXFrameworksBuildPhase section */
		18DD85A81C7DF26800B2BA25 /* Frameworks */ = {
			isa = PBXFrameworksBuildPhase;
			buildActionMask = 2147483647;
			files = (
			);
			runOnlyForDeploymentPostprocessing = 0;
		};
		18DD85C11C7DF26800B2BA25 /* Frameworks */ = {
			isa = PBXFrameworksBuildPhase;
			buildActionMask = 2147483647;
			files = (
			);
			runOnlyForDeploymentPostprocessing = 0;
		};
		18DD85CC1C7DF26800B2BA25 /* Frameworks */ = {
			isa = PBXFrameworksBuildPhase;
			buildActionMask = 2147483647;
			files = (
			);
			runOnlyForDeploymentPostprocessing = 0;
		};
/* End PBXFrameworksBuildPhase section */

/* Begin PBXGroup section */
		18DD85A21C7DF26800B2BA25 = {
			isa = PBXGroup;
			children = (
				18DD85AD1C7DF26800B2BA25 /* coreImage */,
				18DD85C71C7DF26800B2BA25 /* coreImageTests */,
				18DD85D21C7DF26800B2BA25 /* coreImageUITests */,
				18DD85AC1C7DF26800B2BA25 /* Products */,
			);
			sourceTree = "<group>";
		};
		18DD85AC1C7DF26800B2BA25 /* Products */ = {
			isa = PBXGroup;
			children = (
				18DD85AB1C7DF26800B2BA25 /* coreImage.app */,
				18DD85C41C7DF26800B2BA25 /* coreImageTests.xctest */,
				18DD85CF1C7DF26800B2BA25 /* coreImageUITests.xctest */,
			);
			name = Products;
			sourceTree = "<group>";
		};
		18DD85AD1C7DF26800B2BA25 /* coreImage */ = {
			isa = PBXGroup;
			children = (
				18DD85E31C7DFCE100B2BA25 /* UIImage+ImageEffects */,
				18DD85B11C7DF26800B2BA25 /* AppDelegate.h */,
				18DD85B21C7DF26800B2BA25 /* AppDelegate.m */,
				18DD85B41C7DF26800B2BA25 /* ViewController.h */,
				18DD85B51C7DF26800B2BA25 /* ViewController.m */,
				18DD85B71C7DF26800B2BA25 /* Main.storyboard */,
				18DD85E11C7DF2BC00B2BA25 /* 002.png */,
				18DD85BA1C7DF26800B2BA25 /* Assets.xcassets */,
				18DD85BC1C7DF26800B2BA25 /* LaunchScreen.storyboard */,
				18DD85BF1C7DF26800B2BA25 /* Info.plist */,
				18DD85AE1C7DF26800B2BA25 /* Supporting Files */,
			);
			path = coreImage;
			sourceTree = "<group>";
		};
		18DD85AE1C7DF26800B2BA25 /* Supporting Files */ = {
			isa = PBXGroup;
			children = (
				18DD85AF1C7DF26800B2BA25 /* main.m */,
			);
			name = "Supporting Files";
			sourceTree = "<group>";
		};
		18DD85C71C7DF26800B2BA25 /* coreImageTests */ = {
			isa = PBXGroup;
			children = (
				18DD85C81C7DF26800B2BA25 /* coreImageTests.m */,
				18DD85CA1C7DF26800B2BA25 /* Info.plist */,
			);
			path = coreImageTests;
			sourceTree = "<group>";
		};
		18DD85D21C7DF26800B2BA25 /* coreImageUITests */ = {
			isa = PBXGroup;
			children = (
				18DD85D31C7DF26800B2BA25 /* coreImageUITests.m */,
				18DD85D51C7DF26800B2BA25 /* Info.plist */,
			);
			path = coreImageUITests;
			sourceTree = "<group>";
		};
		18DD85E31C7DFCE100B2BA25 /* UIImage+ImageEffects */ = {
			isa = PBXGroup;
			children = (
				18DD85E41C7DFCE100B2BA25 /* UIImage+ImageEffects.h */,
				18DD85E51C7DFCE100B2BA25 /* UIImage+ImageEffects.m */,
			);
			path = "UIImage+ImageEffects";
			sourceTree = "<group>";
		};
/* End PBXGroup section */

/* Begin PBXNativeTarget section */
		18DD85AA1C7DF26800B2BA25 /* coreImage */ = {
			isa = PBXNativeTarget;
			buildConfigurationList = 18DD85D81C7DF26800B2BA25 /* Build configuration list for PBXNativeTarget "coreImage" */;
			buildPhases = (
				18DD85A71C7DF26800B2BA25 /* Sources */,
				18DD85A81C7DF26800B2BA25 /* Frameworks */,
				18DD85A91C7DF26800B2BA25 /* Resources */,
			);
			buildRules = (
			);
			dependencies = (
			);
			name = coreImage;
			productName = coreImage;
			productReference = 18DD85AB1C7DF26800B2BA25 /* coreImage.app */;
			productType = "com.apple.product-type.application";
		};
		18DD85C31C7DF26800B2BA25 /* coreImageTests */ = {
			isa = PBXNativeTarget;
			buildConfigurationList = 18DD85DB1C7DF26800B2BA25 /* Build configuration list for PBXNativeTarget "coreImageTests" */;
			buildPhases = (
				18DD85C01C7DF26800B2BA25 /* Sources */,
				18DD85C11C7DF26800B2BA25 /* Frameworks */,
				18DD85C21C7DF26800B2BA25 /* Resources */,
			);
			buildRules = (
			);
			dependencies = (
				18DD85C61C7DF26800B2BA25 /* PBXTargetDependency */,
			);
			name = coreImageTests;
			productName = coreImageTests;
			productReference = 18DD85C41C7DF26800B2BA25 /* coreImageTests.xctest */;
			productType = "com.apple.product-type.bundle.unit-test";
		};
		18DD85CE1C7DF26800B2BA25 /* coreImageUITests */ = {
			isa = PBXNativeTarget;
			buildConfigurationList = 18DD85DE1C7DF26800B2BA25 /* Build configuration list for PBXNativeTarget "coreImageUITests" */;
			buildPhases = (
				18DD85CB1C7DF26800B2BA25 /* Sources */,
				18DD85CC1C7DF26800B2BA25 /* Frameworks */,
				18DD85CD1C7DF26800B2BA25 /* Resources */,
			);
			buildRules = (
			);
			dependencies = (
				18DD85D11C7DF26800B2BA25 /* PBXTargetDependency */,
			);
			name = coreImageUITests;
			productName = coreImageUITests;
			productReference = 18DD85CF1C7DF26800B2BA25 /* coreImageUITests.xctest */;
			productType = "com.apple.product-type.bundle.ui-testing";
		};
/* End PBXNativeTarget section */

/* Begin PBXProject section */
		18DD85A31C7DF26800B2BA25 /* Project object */ = {
			isa = PBXProject;
			attributes = {
				LastUpgradeCheck = 0720;
				ORGANIZATIONNAME = qingxun;
				TargetAttributes = {
					18DD85AA1C7DF26800B2BA25 = {
						CreatedOnToolsVersion = 7.2;
					};
					18DD85C31C7DF26800B2BA25 = {
						CreatedOnToolsVersion = 7.2;
						TestTargetID = 18DD85AA1C7DF26800B2BA25;
					};
					18DD85CE1C7DF26800B2BA25 = {
						CreatedOnToolsVersion = 7.2;
						TestTargetID = 18DD85AA1C7DF26800B2BA25;
					};
				};
			};
			buildConfigurationList = 18DD85A61C7DF26800B2BA25 /* Build configuration list for PBXProject "coreImage" */;
			compatibilityVersion = "Xcode 3.2";
			developmentRegion = English;
			hasScannedForEncodings = 0;
			knownRegions = (
				en,
				Base,
			);
			mainGroup = 18DD85A21C7DF26800B2BA25;
			productRefGroup = 18DD85AC1C7DF26800B2BA25 /* Products */;
			projectDirPath = "";
			projectRoot = "";
			targets = (
				18DD85AA1C7DF26800B2BA25 /* coreImage */,
				18DD85C31C7DF26800B2BA25 /* coreImageTests */,
				18DD85CE1C7DF26800B2BA25 /* coreImageUITests */,
			);
		};
/* End PBXProject section */

/* Begin PBXResourcesBuildPhase section */
		18DD85A91C7DF26800B2BA25 /* Resources */ = {
			isa = PBXResourcesBuildPhase;
			buildActionMask = 2147483647;
			files = (
				18DD85E21C7DF2BC00B2BA25 /* 002.png in Resources */,
				18DD85BE1C7DF26800B2BA25 /* LaunchScreen.storyboard in Resources */,
				18DD85BB1C7DF26800B2BA25 /* Assets.xcassets in Resources */,
				18DD85B91C7DF26800B2BA25 /* Main.storyboard in Resources */,
			);
			runOnlyForDeploymentPostprocessing = 0;
		};
		18DD85C21C7DF26800B2BA25 /* Resources */ = {
			isa = PBXResourcesBuildPhase;
			buildActionMask = 2147483647;
			files = (
			);
			runOnlyForDeploymentPostprocessing = 0;
		};
		18DD85CD1C7DF26800B2BA25 /* Resources */ = {
			isa = PBXResourcesBuildPhase;
			buildActionMask = 2147483647;
			files = (
			);
			runOnlyForDeploymentPostprocessing = 0;
		};
/* End PBXResourcesBuildPhase section */

/* Begin PBXSourcesBuildPhase section */
		18DD85A71C7DF26800B2BA25 /* Sources */ = {
			isa = PBXSourcesBuildPhase;
			buildActionMask = 2147483647;
			files = (
				18DD85E61C7DFCE100B2BA25 /* UIImage+ImageEffects.m in Sources */,
				18DD85B61C7DF26800B2BA25 /* ViewController.m in Sources */,
				18DD85B31C7DF26800B2BA25 /* AppDelegate.m in Sources */,
				18DD85B01C7DF26800B2BA25 /* main.m in Sources */,
			);
			runOnlyForDeploymentPostprocessing = 0;
		};
		18DD85C01C7DF26800B2BA25 /* Sources */ = {
			isa = PBXSourcesBuildPhase;
			buildActionMask = 2147483647;
			files = (
				18DD85C91C7DF26800B2BA25 /* coreImageTests.m in Sources */,
			);
			runOnlyForDeploymentPostprocessing = 0;
		};
		18DD85CB1C7DF26800B2BA25 /* Sources */ = {
			isa = PBXSourcesBuildPhase;
			buildActionMask = 2147483647;
			files = (
				18DD85D41C7DF26800B2BA25 /* coreImageUITests.m in Sources */,
			);
			runOnlyForDeploymentPostprocessing = 0;
		};
/* End PBXSourcesBuildPhase section */

/* Begin PBXTargetDependency section */
		18DD85C61C7DF26800B2BA25 /* PBXTargetDependency */ = {
			isa = PBXTargetDependency;
			target = 18DD85AA1C7DF26800B2BA25 /* coreImage */;
			targetProxy = 18DD85C51C7DF26800B2BA25 /* PBXContainerItemProxy */;
		};
		18DD85D11C7DF26800B2BA25 /* PBXTargetDependency */ = {
			isa = PBXTargetDependency;
			target = 18DD85AA1C7DF26800B2BA25 /* coreImage */;
			targetProxy = 18DD85D01C7DF26800B2BA25 /* PBXContainerItemProxy */;
		};
/* End PBXTargetDependency section */

/* Begin PBXVariantGroup section */
		18DD85B71C7DF26800B2BA25 /* Main.storyboard */ = {
			isa = PBXVariantGroup;
			children = (
				18DD85B81C7DF26800B2BA25 /* Base */,
			);
			name = Main.storyboard;
			sourceTree = "<group>";
		};
		18DD85BC1C7DF26800B2BA25 /* LaunchScreen.storyboard */ = {
			isa = PBXVariantGroup;
			children = (
				18DD85BD1C7DF26800B2BA25 /* Base */,
			);
			name = LaunchScreen.storyboard;
			sourceTree = "<group>";
		};
/* End PBXVariantGroup section */

/* Begin XCBuildConfiguration section */
		18DD85D61C7DF26800B2BA25 /* Debug */ = {
			isa = XCBuildConfiguration;
			buildSettings = {
				ALWAYS_SEARCH_USER_PATHS = NO;
				CLANG_CXX_LANGUAGE_STANDARD = "gnu++0x";
				CLANG_CXX_LIBRARY = "libc++";
				CLANG_ENABLE_MODULES = YES;
				CLANG_ENABLE_OBJC_ARC = YES;
				CLANG_WARN_BOOL_CONVERSION = YES;
				CLANG_WARN_CONSTANT_CONVERSION = YES;
				CLANG_WARN_DIRECT_OBJC_ISA_USAGE = YES_ERROR;
				CLANG_WARN_EMPTY_BODY = YES;
				CLANG_WARN_ENUM_CONVERSION = YES;
				CLANG_WARN_INT_CONVERSION = YES;
				CLANG_WARN_OBJC_ROOT_CLASS = YES_ERROR;
				CLANG_WARN_UNREACHABLE_CODE = YES;
				CLANG_WARN__DUPLICATE_METHOD_MATCH = YES;
				"CODE_SIGN_IDENTITY[sdk=iphoneos*]" = "iPhone Developer";
				COPY_PHASE_STRIP = NO;
				DEBUG_INFORMATION_FORMAT = dwarf;
				ENABLE_STRICT_OBJC_MSGSEND = YES;
				ENABLE_TESTABILITY = YES;
				GCC_C_LANGUAGE_STANDARD = gnu99;
				GCC_DYNAMIC_NO_PIC = NO;
				GCC_NO_COMMON_BLOCKS = YES;
				GCC_OPTIMIZATION_LEVEL = 0;
				GCC_PREPROCESSOR_DEFINITIONS = (
					"DEBUG=1",
					"$(inherited)",
				);
				GCC_WARN_64_TO_32_BIT_CONVERSION = YES;
				GCC_WARN_ABOUT_RETURN_TYPE = YES_ERROR;
				GCC_WARN_UNDECLARED_SELECTOR = YES;
				GCC_WARN_UNINITIALIZED_AUTOS = YES_AGGRESSIVE;
				GCC_WARN_UNUSED_FUNCTION = YES;
				GCC_WARN_UNUSED_VARIABLE = YES;
				IPHONEOS_DEPLOYMENT_TARGET = 9.2;
				MTL_ENABLE_DEBUG_INFO = YES;
				ONLY_ACTIVE_ARCH = YES;
				SDKROOT = iphoneos;
				TARGETED_DEVICE_FAMILY = "1,2";
			};
			name = Debug;
		};
		18DD85D71C7DF26800B2BA25 /* Release */ = {
			isa = XCBuildConfiguration;
			buildSettings = {
				ALWAYS_SEARCH_USER_PATHS = NO;
				CLANG_CXX_LANGUAGE_STANDARD = "gnu++0x";
				CLANG_CXX_LIBRARY = "libc++";
				CLANG_ENABLE_MODULES = YES;
				CLANG_ENABLE_OBJC_ARC = YES;
				CLANG_WARN_BOOL_CONVERSION = YES;
				CLANG_WARN_CONSTANT_CONVERSION = YES;
				CLANG_WARN_DIRECT_OBJC_ISA_USAGE = YES_ERROR;
				CLANG_WARN_EMPTY_BODY = YES;
				CLANG_WARN_ENUM_CONVERSION = YES;
				CLANG_WARN_INT_CONVERSION = YES;
				CLANG_WARN_OBJC_ROOT_CLASS = YES_ERROR;
				CLANG_WARN_UNREACHABLE_CODE = YES;
				CLANG_WARN__DUPLICATE_METHOD_MATCH = YES;
				"CODE_SIGN_IDENTITY[sdk=iphoneos*]" = "iPhone Developer";
				COPY_PHASE_STRIP = NO;
				DEBUG_INFORMATION_FORMAT = "dwarf-with-dsym";
				ENABLE_NS_ASSERTIONS = NO;
				ENABLE_STRICT_OBJC_MSGSEND = YES;
				GCC_C_LANGUAGE_STANDARD = gnu99;
				GCC_NO_COMMON_BLOCKS = YES;
				GCC_WARN_64_TO_32_BIT_CONVERSION = YES;
				GCC_WARN_ABOUT_RETURN_TYPE = YES_ERROR;
				GCC_WARN_UNDECLARED_SELECTOR = YES;
				GCC_WARN_UNINITIALIZED_AUTOS = YES_AGGRESSIVE;
				GCC_WARN_UNUSED_FUNCTION = YES;
				GCC_WARN_UNUSED_VARIABLE = YES;
				IPHONEOS_DEPLOYMENT_TARGET = 9.2;
				MTL_ENABLE_DEBUG_INFO = NO;
				SDKROOT = iphoneos;
				TARGETED_DEVICE_FAMILY = "1,2";
				VALIDATE_PRODUCT = YES;
			};
			name = Release;
		};
		18DD85D91C7DF26800B2BA25 /* Debug */ = {
			isa = XCBuildConfiguration;
			buildSettings = {
				ASSETCATALOG_COMPILER_APPICON_NAME = AppIcon;
				INFOPLIST_FILE = coreImage/Info.plist;
				LD_RUNPATH_SEARCH_PATHS = "$(inherited) @executable_path/Frameworks";
				PRODUCT_BUNDLE_IDENTIFIER = qingxun.com.coreImage;
				PRODUCT_NAME = "$(TARGET_NAME)";
			};
			name = Debug;
		};
		18DD85DA1C7DF26800B2BA25 /* Release */ = {
			isa = XCBuildConfiguration;
			buildSettings = {
				ASSETCATALOG_COMPILER_APPICON_NAME = AppIcon;
				INFOPLIST_FILE = coreImage/Info.plist;
				LD_RUNPATH_SEARCH_PATHS = "$(inherited) @executable_path/Frameworks";
				PRODUCT_BUNDLE_IDENTIFIER = qingxun.com.coreImage;
				PRODUCT_NAME = "$(TARGET_NAME)";
			};
			name = Release;
		};
		18DD85DC1C7DF26800B2BA25 /* Debug */ = {
			isa = XCBuildConfiguration;
			buildSettings = {
				BUNDLE_LOADER = "$(TEST_HOST)";
				INFOPLIST_FILE = coreImageTests/Info.plist;
				LD_RUNPATH_SEARCH_PATHS = "$(inherited) @executable_path/Frameworks @loader_path/Frameworks";
				PRODUCT_BUNDLE_IDENTIFIER = qingxun.com.coreImageTests;
				PRODUCT_NAME = "$(TARGET_NAME)";
				TEST_HOST = "$(BUILT_PRODUCTS_DIR)/coreImage.app/coreImage";
			};
			name = Debug;
		};
		18DD85DD1C7DF26800B2BA25 /* Release */ = {
			isa = XCBuildConfiguration;
			buildSettings = {
				BUNDLE_LOADER = "$(TEST_HOST)";
				INFOPLIST_FILE = coreImageTests/Info.plist;
				LD_RUNPATH_SEARCH_PATHS = "$(inherited) @executable_path/Frameworks @loader_path/Frameworks";
				PRODUCT_BUNDLE_IDENTIFIER = qingxun.com.coreImageTests;
				PRODUCT_NAME = "$(TARGET_NAME)";
				TEST_HOST = "$(BUILT_PRODUCTS_DIR)/coreImage.app/coreImage";
			};
			name = Release;
		};
		18DD85DF1C7DF26800B2BA25 /* Debug */ = {
			isa = XCBuildConfiguration;
			buildSettings = {
				INFOPLIST_FILE = coreImageUITests/Info.plist;
				LD_RUNPATH_SEARCH_PATHS = "$(inherited) @executable_path/Frameworks @loader_path/Frameworks";
				PRODUCT_BUNDLE_IDENTIFIER = qingxun.com.coreImageUITests;
				PRODUCT_NAME = "$(TARGET_NAME)";
				TEST_TARGET_NAME = coreImage;
				USES_XCTRUNNER = YES;
			};
			name = Debug;
		};
		18DD85E01C7DF26800B2BA25 /* Release */ = {
			isa = XCBuildConfiguration;
			buildSettings = {
				INFOPLIST_FILE = coreImageUITests/Info.plist;
				LD_RUNPATH_SEARCH_PATHS = "$(inherited) @executable_path/Frameworks @loader_path/Frameworks";
				PRODUCT_BUNDLE_IDENTIFIER = qingxun.com.coreImageUITests;
				PRODUCT_NAME = "$(TARGET_NAME)";
				TEST_TARGET_NAME = coreImage;
				USES_XCTRUNNER = YES;
			};
			name = Release;
		};
/* End XCBuildConfiguration section */

/* Begin XCConfigurationList section */
		18DD85A61C7DF26800B2BA25 /* Build configuration list for PBXProject "coreImage" */ = {
			isa = XCConfigurationList;
			buildConfigurations = (
				18DD85D61C7DF26800B2BA25 /* Debug */,
				18DD85D71C7DF26800B2BA25 /* Release */,
			);
			defaultConfigurationIsVisible = 0;
			defaultConfigurationName = Release;
		};
		18DD85D81C7DF26800B2BA25 /* Build configuration list for PBXNativeTarget "coreImage" */ = {
			isa = XCConfigurationList;
			buildConfigurations = (
				18DD85D91C7DF26800B2BA25 /* Debug */,
				18DD85DA1C7DF26800B2BA25 /* Release */,
			);
			defaultConfigurationIsVisible = 0;
		};
		18DD85DB1C7DF26800B2BA25 /* Build configuration list for PBXNativeTarget "coreImageTests" */ = {
			isa = XCConfigurationList;
			buildConfigurations = (
				18DD85DC1C7DF26800B2BA25 /* Debug */,
				18DD85DD1C7DF26800B2BA25 /* Release */,
			);
			defaultConfigurationIsVisible = 0;
		};
		18DD85DE1C7DF26800B2BA25 /* Build configuration list for PBXNativeTarget "coreImageUITests" */ = {
			isa = XCConfigurationList;
			buildConfigurations = (
				18DD85DF1C7DF26800B2BA25 /* Debug */,
				18DD85E01C7DF26800B2BA25 /* Release */,
			);
			defaultConfigurationIsVisible = 0;
		};
/* End XCConfigurationList section */
	};
	rootObject = 18DD85A31C7DF26800B2BA25 /* Project object */;
}
